
Microsoft Visual Studio Solution File, Format Version 12.00
# Visual Studio Version 17
VisualStudioVersion = 17.12.35527.113 d17.12
MinimumVisualStudioVersion = 10.0.40219.1
Project("{FAE04EC0-301F-11D3-BF4B-00C04F79EFBC}") = "c#advaassig2", "c#advaassig2\c#advaassig2.csproj", "{14649E62-3528-452C-9E12-B97AD9597DC6}"
EndProject
Global
	GlobalSection(SolutionConfigurationPlatforms) = preSolution
		Debug|Any CPU = Debug|Any CPU
		Release|Any CPU = Release|Any CPU
	EndGlobalSection
	GlobalSection(ProjectConfigurationPlatforms) = postSolution
		{14649E62-3528-452C-9E12-B97AD9597DC6}.Debug|Any CPU.ActiveCfg = Debug|Any CPU
		{14649E62-3528-452C-9E12-B97AD9597DC6}.Debug|Any CPU.Build.0 = Debug|Any CPU
		{14649E62-3528-452C-9E12-B97AD9597DC6}.Release|Any CPU.ActiveCfg = Release|Any CPU
		{14649E62-3528-452C-9E12-B97AD9597DC6}.Release|Any CPU.Build.0 = Release|Any CPU
	EndGlobalSection
	GlobalSection(SolutionProperties) = preSolution
		HideSolutionNode = FALSE
	EndGlobalSection
EndGlobal
